// !$*UTF8*$!
{
	archiveVersion = 1;
	classes = {
	};
	objectVersion = 46;
	objects = {

/* Begin PBXBuildFile section */
		61A288159C5B3D7E0666B56D /* Pods_Pokedex.framework in Frameworks */ = {isa = PBXBuildFile; fileRef = 05DD4FFC7D55C8F1D067F58A /* Pods_Pokedex.framework */; };
		9D3B3EA81C42E7D100D83416 /* Constants.swift in Sources */ = {isa = PBXBuildFile; fileRef = 9D3B3EA71C42E7D100D83416 /* Constants.swift */; };
		9DCEB6BA1C42A26E008E4A43 /* AppDelegate.swift in Sources */ = {isa = PBXBuildFile; fileRef = 9DCEB6B91C42A26E008E4A43 /* AppDelegate.swift */; };
		9DCEB6BC1C42A26E008E4A43 /* ViewController.swift in Sources */ = {isa = PBXBuildFile; fileRef = 9DCEB6BB1C42A26E008E4A43 /* ViewController.swift */; };
		9DCEB6BF1C42A26E008E4A43 /* Main.storyboard in Resources */ = {isa = PBXBuildFile; fileRef = 9DCEB6BD1C42A26E008E4A43 /* Main.storyboard */; };
		9DCEB6C11C42A26E008E4A43 /* Assets.xcassets in Resources */ = {isa = PBXBuildFile; fileRef = 9DCEB6C01C42A26E008E4A43 /* Assets.xcassets */; };
		9DCEB6C41C42A26E008E4A43 /* LaunchScreen.storyboard in Resources */ = {isa = PBXBuildFile; fileRef = 9DCEB6C21C42A26E008E4A43 /* LaunchScreen.storyboard */; };
		9DCEB6CC1C42A3EF008E4A43 /* pokemon.csv in Resources */ = {isa = PBXBuildFile; fileRef = 9DCEB6CB1C42A3EF008E4A43 /* pokemon.csv */; };
		9DCEB6CF1C42A4E0008E4A43 /* Pokemon.swift in Sources */ = {isa = PBXBuildFile; fileRef = 9DCEB6CE1C42A4E0008E4A43 /* Pokemon.swift */; };
		9DCEB6D21C42ACF0008E4A43 /* PokeCell.swift in Sources */ = {isa = PBXBuildFile; fileRef = 9DCEB6D11C42ACF0008E4A43 /* PokeCell.swift */; };
		9DCEB6D41C42B85B008E4A43 /* csv.swift in Sources */ = {isa = PBXBuildFile; fileRef = 9DCEB6D31C42B85A008E4A43 /* csv.swift */; };
		9DCEB6DB1C42BFE1008E4A43 /* pokemon.ttf in Resources */ = {isa = PBXBuildFile; fileRef = 9DCEB6DA1C42BFE1008E4A43 /* pokemon.ttf */; };
		9DCEB6DD1C42C2A0008E4A43 /* music.mp3 in Resources */ = {isa = PBXBuildFile; fileRef = 9DCEB6DC1C42C2A0008E4A43 /* music.mp3 */; };
		9DCEB6DF1C42CAF2008E4A43 /* PokemonDetailVC.swift in Sources */ = {isa = PBXBuildFile; fileRef = 9DCEB6DE1C42CAF2008E4A43 /* PokemonDetailVC.swift */; };
/* End PBXBuildFile section */

/* Begin PBXFileReference section */
		05DD4FFC7D55C8F1D067F58A /* Pods_Pokedex.framework */ = {isa = PBXFileReference; explicitFileType = wrapper.framework; includeInIndex = 0; path = Pods_Pokedex.framework; sourceTree = BUILT_PRODUCTS_DIR; };
		18BC21F2903D6AE46E90918C /* Pods-Pokedex.debug.xcconfig */ = {isa = PBXFileReference; includeInIndex = 1; lastKnownFileType = text.xcconfig; name = "Pods-Pokedex.debug.xcconfig"; path = "Pods/Target Support Files/Pods-Pokedex/Pods-Pokedex.debug.xcconfig"; sourceTree = "<group>"; };
		2E3F40059560831F1EF5DEB3 /* Pods-Pokedex.release.xcconfig */ = {isa = PBXFileReference; includeInIndex = 1; lastKnownFileType = text.xcconfig; name = "Pods-Pokedex.release.xcconfig"; path = "Pods/Target Support Files/Pods-Pokedex/Pods-Pokedex.release.xcconfig"; sourceTree = "<group>"; };
		9D3B3EA71C42E7D100D83416 /* Constants.swift */ = {isa = PBXFileReference; fileEncoding = 4; lastKnownFileType = sourcecode.swift; path = Constants.swift; sourceTree = "<group>"; };
		9DCEB6B61C42A26E008E4A43 /* Pokedex.app */ = {isa = PBXFileReference; explicitFileType = wrapper.application; includeInIndex = 0; path = Pokedex.app; sourceTree = BUILT_PRODUCTS_DIR; };
		9DCEB6B91C42A26E008E4A43 /* AppDelegate.swift */ = {isa = PBXFileReference; lastKnownFileType = sourcecode.swift; path = AppDelegate.swift; sourceTree = "<group>"; };
		9DCEB6BB1C42A26E008E4A43 /* ViewController.swift */ = {isa = PBXFileReference; lastKnownFileType = sourcecode.swift; path = ViewController.swift; sourceTree = "<group>"; };
		9DCEB6BE1C42A26E008E4A43 /* Base */ = {isa = PBXFileReference; lastKnownFileType = file.storyboard; name = Base; path = Base.lproj/Main.storyboard; sourceTree = "<group>"; };
		9DCEB6C01C42A26E008E4A43 /* Assets.xcassets */ = {isa = PBXFileReference; lastKnownFileType = folder.assetcatalog; path = Assets.xcassets; sourceTree = "<group>"; };
		9DCEB6C31C42A26E008E4A43 /* Base */ = {isa = PBXFileReference; lastKnownFileType = file.storyboard; name = Base; path = Base.lproj/LaunchScreen.storyboard; sourceTree = "<group>"; };
		9DCEB6C51C42A26E008E4A43 /* Info.plist */ = {isa = PBXFileReference; lastKnownFileType = text.plist.xml; path = Info.plist; sourceTree = "<group>"; };
		9DCEB6CB1C42A3EF008E4A43 /* pokemon.csv */ = {isa = PBXFileReference; fileEncoding = 4; lastKnownFileType = text; path = pokemon.csv; sourceTree = "<group>"; };
		9DCEB6CE1C42A4E0008E4A43 /* Pokemon.swift */ = {isa = PBXFileReference; fileEncoding = 4; lastKnownFileType = sourcecode.swift; path = Pokemon.swift; sourceTree = "<group>"; };
		9DCEB6D11C42ACF0008E4A43 /* PokeCell.swift */ = {isa = PBXFileReference; fileEncoding = 4; lastKnownFileType = sourcecode.swift; path = PokeCell.swift; sourceTree = "<group>"; };
		9DCEB6D31C42B85A008E4A43 /* csv.swift */ = {isa = PBXFileReference; fileEncoding = 4; lastKnownFileType = sourcecode.swift; path = csv.swift; sourceTree = "<group>"; };
		9DCEB6DA1C42BFE1008E4A43 /* pokemon.ttf */ = {isa = PBXFileReference; lastKnownFileType = file; path = pokemon.ttf; sourceTree = "<group>"; };
		9DCEB6DC1C42C2A0008E4A43 /* music.mp3 */ = {isa = PBXFileReference; lastKnownFileType = audio.mp3; path = music.mp3; sourceTree = "<group>"; };
		9DCEB6DE1C42CAF2008E4A43 /* PokemonDetailVC.swift */ = {isa = PBXFileReference; fileEncoding = 4; lastKnownFileType = sourcecode.swift; path = PokemonDetailVC.swift; sourceTree = "<group>"; };
/* End PBXFileReference section */

/* Begin PBXFrameworksBuildPhase section */
		9DCEB6B31C42A26E008E4A43 /* Frameworks */ = {
			isa = PBXFrameworksBuildPhase;
			buildActionMask = 2147483647;
			files = (
				61A288159C5B3D7E0666B56D /* Pods_Pokedex.framework in Frameworks */,
			);
			runOnlyForDeploymentPostprocessing = 0;
		};
/* End PBXFrameworksBuildPhase section */

/* Begin PBXGroup section */
		9DCEB6AD1C42A26E008E4A43 = {
			isa = PBXGroup;
			children = (
				9DCEB6B81C42A26E008E4A43 /* Pokedex */,
				9DCEB6B71C42A26E008E4A43 /* Products */,
				EE3CBABF597A0B10CCDF1F7E /* Pods */,
				DC5B8C7658BDD2ABC9774B56 /* Frameworks */,
			);
			sourceTree = "<group>";
		};
		9DCEB6B71C42A26E008E4A43 /* Products */ = {
			isa = PBXGroup;
			children = (
				9DCEB6B61C42A26E008E4A43 /* Pokedex.app */,
			);
			name = Products;
			sourceTree = "<group>";
		};
		9DCEB6B81C42A26E008E4A43 /* Pokedex */ = {
			isa = PBXGroup;
			children = (
				9DCEB6CD1C42A4CF008E4A43 /* Model */,
				9DCEB6D01C42AC07008E4A43 /* View */,
				9DCEB6D61C42B878008E4A43 /* Controller */,
				9DCEB6D51C42B869008E4A43 /* Util */,
				9DCEB6D71C42B8A8008E4A43 /* Resources */,
				9DCEB6B91C42A26E008E4A43 /* AppDelegate.swift */,
				9DCEB6BD1C42A26E008E4A43 /* Main.storyboard */,
				9DCEB6C01C42A26E008E4A43 /* Assets.xcassets */,
				9DCEB6C21C42A26E008E4A43 /* LaunchScreen.storyboard */,
				9DCEB6C51C42A26E008E4A43 /* Info.plist */,
			);
			path = Pokedex;
			sourceTree = "<group>";
		};
		9DCEB6CD1C42A4CF008E4A43 /* Model */ = {
			isa = PBXGroup;
			children = (
				9DCEB6CE1C42A4E0008E4A43 /* Pokemon.swift */,
			);
			name = Model;
			sourceTree = "<group>";
		};
		9DCEB6D01C42AC07008E4A43 /* View */ = {
			isa = PBXGroup;
			children = (
				9DCEB6D11C42ACF0008E4A43 /* PokeCell.swift */,
			);
			name = View;
			sourceTree = "<group>";
		};
		9DCEB6D51C42B869008E4A43 /* Util */ = {
			isa = PBXGroup;
			children = (
				9DCEB6D31C42B85A008E4A43 /* csv.swift */,
				9D3B3EA71C42E7D100D83416 /* Constants.swift */,
			);
			name = Util;
			sourceTree = "<group>";
		};
		9DCEB6D61C42B878008E4A43 /* Controller */ = {
			isa = PBXGroup;
			children = (
				9DCEB6BB1C42A26E008E4A43 /* ViewController.swift */,
				9DCEB6DE1C42CAF2008E4A43 /* PokemonDetailVC.swift */,
			);
			name = Controller;
			sourceTree = "<group>";
		};
		9DCEB6D71C42B8A8008E4A43 /* Resources */ = {
			isa = PBXGroup;
			children = (
				9DCEB6DC1C42C2A0008E4A43 /* music.mp3 */,
				9DCEB6DA1C42BFE1008E4A43 /* pokemon.ttf */,
				9DCEB6CB1C42A3EF008E4A43 /* pokemon.csv */,
			);
			name = Resources;
			sourceTree = "<group>";
		};
		DC5B8C7658BDD2ABC9774B56 /* Frameworks */ = {
			isa = PBXGroup;
			children = (
				05DD4FFC7D55C8F1D067F58A /* Pods_Pokedex.framework */,
			);
			name = Frameworks;
			sourceTree = "<group>";
		};
		EE3CBABF597A0B10CCDF1F7E /* Pods */ = {
			isa = PBXGroup;
			children = (
				18BC21F2903D6AE46E90918C /* Pods-Pokedex.debug.xcconfig */,
				2E3F40059560831F1EF5DEB3 /* Pods-Pokedex.release.xcconfig */,
			);
			name = Pods;
			sourceTree = "<group>";
		};
/* End PBXGroup section */

/* Begin PBXNativeTarget section */
		9DCEB6B51C42A26E008E4A43 /* Pokedex */ = {
			isa = PBXNativeTarget;
			buildConfigurationList = 9DCEB6C81C42A26E008E4A43 /* Build configuration list for PBXNativeTarget "Pokedex" */;
			buildPhases = (
				3193B41790592E54DDC67F1D /* Check Pods Manifest.lock */,
				9DCEB6B21C42A26E008E4A43 /* Sources */,
				9DCEB6B31C42A26E008E4A43 /* Frameworks */,
				9DCEB6B41C42A26E008E4A43 /* Resources */,
				B880762D5A834F3D3819D9F9 /* Embed Pods Frameworks */,
				818322F652C57D80BDB4FFB7 /* Copy Pods Resources */,
			);
			buildRules = (
			);
			dependencies = (
			);
			name = Pokedex;
			productName = Pokedex;
			productReference = 9DCEB6B61C42A26E008E4A43 /* Pokedex.app */;
			productType = "com.apple.product-type.application";
		};
/* End PBXNativeTarget section */

/* Begin PBXProject section */
		9DCEB6AE1C42A26E008E4A43 /* Project object */ = {
			isa = PBXProject;
			attributes = {
				LastSwiftUpdateCheck = 0720;
				LastUpgradeCheck = 0720;
				ORGANIZATIONNAME = "Adam Lewandowski";
				TargetAttributes = {
					9DCEB6B51C42A26E008E4A43 = {
						CreatedOnToolsVersion = 7.2;
						DevelopmentTeam = 6L5UQCUWM3;
					};
				};
			};
			buildConfigurationList = 9DCEB6B11C42A26E008E4A43 /* Build configuration list for PBXProject "Pokedex" */;
			compatibilityVersion = "Xcode 3.2";
			developmentRegion = English;
			hasScannedForEncodings = 0;
			knownRegions = (
				en,
				Base,
			);
			mainGroup = 9DCEB6AD1C42A26E008E4A43;
			productRefGroup = 9DCEB6B71C42A26E008E4A43 /* Products */;
			projectDirPath = "";
			projectRoot = "";
			targets = (
				9DCEB6B51C42A26E008E4A43 /* Pokedex */,
			);
		};
/* End PBXProject section */

/* Begin PBXResourcesBuildPhase section */
		9DCEB6B41C42A26E008E4A43 /* Resources */ = {
			isa = PBXResourcesBuildPhase;
			buildActionMask = 2147483647;
			files = (
				9DCEB6DB1C42BFE1008E4A43 /* pokemon.ttf in Resources */,
				9DCEB6C41C42A26E008E4A43 /* LaunchScreen.storyboard in Resources */,
				9DCEB6DD1C42C2A0008E4A43 /* music.mp3 in Resources */,
				9DCEB6C11C42A26E008E4A43 /* Assets.xcassets in Resources */,
				9DCEB6CC1C42A3EF008E4A43 /* pokemon.csv in Resources */,
				9DCEB6BF1C42A26E008E4A43 /* Main.storyboard in Resources */,
			);
			runOnlyForDeploymentPostprocessing = 0;
		};
/* End PBXResourcesBuildPhase section */

/* Begin PBXShellScriptBuildPhase section */
		3193B41790592E54DDC67F1D /* Check Pods Manifest.lock */ = {
			isa = PBXShellScriptBuildPhase;
			buildActionMask = 2147483647;
			files = (
			);
			inputPaths = (
			);
			name = "Check Pods Manifest.lock";
			outputPaths = (
			);
			runOnlyForDeploymentPostprocessing = 0;
			shellPath = /bin/sh;
			shellScript = "diff \"${PODS_ROOT}/../Podfile.lock\" \"${PODS_ROOT}/Manifest.lock\" > /dev/null\nif [[ $? != 0 ]] ; then\n    cat << EOM\nerror: The sandbox is not in sync with the Podfile.lock. Run 'pod install' or update your CocoaPods installation.\nEOM\n    exit 1\nfi\n";
			showEnvVarsInLog = 0;
		};
		818322F652C57D80BDB4FFB7 /* Copy Pods Resources */ = {
			isa = PBXShellScriptBuildPhase;
			buildActionMask = 2147483647;
			files = (
			);
			inputPaths = (
			);
			name = "Copy Pods Resources";
			outputPaths = (
			);
			runOnlyForDeploymentPostprocessing = 0;
			shellPath = /bin/sh;
			shellScript = "\"${SRCROOT}/Pods/Target Support Files/Pods-Pokedex/Pods-Pokedex-resources.sh\"\n";
			showEnvVarsInLog = 0;
		};
		B880762D5A834F3D3819D9F9 /* Embed Pods Frameworks */ = {
			isa = PBXShellScriptBuildPhase;
			buildActionMask = 2147483647;
			files = (
			);
			inputPaths = (
			);
			name = "Embed Pods Frameworks";
			outputPaths = (
			);
			runOnlyForDeploymentPostprocessing = 0;
			shellPath = /bin/sh;
			shellScript = "\"${SRCROOT}/Pods/Target Support Files/Pods-Pokedex/Pods-Pokedex-frameworks.sh\"\n";
			showEnvVarsInLog = 0;
		};
/* End PBXShellScriptBuildPhase section */

/* Begin PBXSourcesBuildPhase section */
		9DCEB6B21C42A26E008E4A43 /* Sources */ = {
			isa = PBXSourcesBuildPhase;
			buildActionMask = 2147483647;
			files = (
				9DCEB6D21C42ACF0008E4A43 /* PokeCell.swift in Sources */,
				9DCEB6BC1C42A26E008E4A43 /* ViewController.swift in Sources */,
				9DCEB6BA1C42A26E008E4A43 /* AppDelegate.swift in Sources */,
				9DCEB6DF1C42CAF2008E4A43 /* PokemonDetailVC.swift in Sources */,
				9D3B3EA81C42E7D100D83416 /* Constants.swift in Sources */,
				9DCEB6CF1C42A4E0008E4A43 /* Pokemon.swift in Sources */,
				9DCEB6D41C42B85B008E4A43 /* csv.swift in Sources */,
			);
			runOnlyForDeploymentPostprocessing = 0;
		};
/* End PBXSourcesBuildPhase section */

/* Begin PBXVariantGroup section */
		9DCEB6BD1C42A26E008E4A43 /* Main.storyboard */ = {
			isa = PBXVariantGroup;
			children = (
				9DCEB6BE1C42A26E008E4A43 /* Base */,
			);
			name = Main.storyboard;
			sourceTree = "<group>";
		};
		9DCEB6C21C42A26E008E4A43 /* LaunchScreen.storyboard */ = {
			isa = PBXVariantGroup;
			children = (
				9DCEB6C31C42A26E008E4A43 /* Base */,
			);
			name = LaunchScreen.storyboard;
			sourceTree = "<group>";
		};
/* End PBXVariantGroup section */

/* Begin XCBuildConfiguration section */
		9DCEB6C61C42A26E008E4A43 /* Debug */ = {
			isa = XCBuildConfiguration;
			buildSettings = {
				ALWAYS_SEARCH_USER_PATHS = NO;
				CLANG_CXX_LANGUAGE_STANDARD = "gnu++0x";
				CLANG_CXX_LIBRARY = "libc++";
				CLANG_ENABLE_MODULES = YES;
				CLANG_ENABLE_OBJC_ARC = YES;
				CLANG_WARN_BOOL_CONVERSION = YES;
				CLANG_WARN_CONSTANT_CONVERSION = YES;
				CLANG_WARN_DIRECT_OBJC_ISA_USAGE = YES_ERROR;
				CLANG_WARN_EMPTY_BODY = YES;
				CLANG_WARN_ENUM_CONVERSION = YES;
				CLANG_WARN_INT_CONVERSION = YES;
				CLANG_WARN_OBJC_ROOT_CLASS = YES_ERROR;
				CLANG_WARN_UNREACHABLE_CODE = YES;
				CLANG_WARN__DUPLICATE_METHOD_MATCH = YES;
				"CODE_SIGN_IDENTITY[sdk=iphoneos*]" = "iPhone Developer";
				COPY_PHASE_STRIP = NO;
				DEBUG_INFORMATION_FORMAT = dwarf;
				ENABLE_STRICT_OBJC_MSGSEND = YES;
				ENABLE_TESTABILITY = YES;
				GCC_C_LANGUAGE_STANDARD = gnu99;
				GCC_DYNAMIC_NO_PIC = NO;
				GCC_NO_COMMON_BLOCKS = YES;
				GCC_OPTIMIZATION_LEVEL = 0;
				GCC_PREPROCESSOR_DEFINITIONS = (
					"DEBUG=1",
					"$(inherited)",
				);
				GCC_WARN_64_TO_32_BIT_CONVERSION = YES;
				GCC_WARN_ABOUT_RETURN_TYPE = YES_ERROR;
				GCC_WARN_UNDECLARED_SELECTOR = YES;
				GCC_WARN_UNINITIALIZED_AUTOS = YES_AGGRESSIVE;
				GCC_WARN_UNUSED_FUNCTION = YES;
				GCC_WARN_UNUSED_VARIABLE = YES;
				IPHONEOS_DEPLOYMENT_TARGET = 9.2;
				MTL_ENABLE_DEBUG_INFO = YES;
				ONLY_ACTIVE_ARCH = YES;
				SDKROOT = iphoneos;
				SWIFT_OPTIMIZATION_LEVEL = "-Onone";
				TARGETED_DEVICE_FAMILY = "1,2";
			};
			name = Debug;
		};
		9DCEB6C71C42A26E008E4A43 /* Release */ = {
			isa = XCBuildConfiguration;
			buildSettings = {
				ALWAYS_SEARCH_USER_PATHS = NO;
				CLANG_CXX_LANGUAGE_STANDARD = "gnu++0x";
				CLANG_CXX_LIBRARY = "libc++";
				CLANG_ENABLE_MODULES = YES;
				CLANG_ENABLE_OBJC_ARC = YES;
				CLANG_WARN_BOOL_CONVERSION = YES;
				CLANG_WARN_CONSTANT_CONVERSION = YES;
				CLANG_WARN_DIRECT_OBJC_ISA_USAGE = YES_ERROR;
				CLANG_WARN_EMPTY_BODY = YES;
				CLANG_WARN_ENUM_CONVERSION = YES;
				CLANG_WARN_INT_CONVERSION = YES;
				CLANG_WARN_OBJC_ROOT_CLASS = YES_ERROR;
				CLANG_WARN_UNREACHABLE_CODE = YES;
				CLANG_WARN__DUPLICATE_METHOD_MATCH = YES;
				"CODE_SIGN_IDENTITY[sdk=iphoneos*]" = "iPhone Developer";
				COPY_PHASE_STRIP = NO;
				DEBUG_INFORMATION_FORMAT = "dwarf-with-dsym";
				ENABLE_NS_ASSERTIONS = NO;
				ENABLE_STRICT_OBJC_MSGSEND = YES;
				GCC_C_LANGUAGE_STANDARD = gnu99;
				GCC_NO_COMMON_BLOCKS = YES;
				GCC_WARN_64_TO_32_BIT_CONVERSION = YES;
				GCC_WARN_ABOUT_RETURN_TYPE = YES_ERROR;
				GCC_WARN_UNDECLARED_SELECTOR = YES;
				GCC_WARN_UNINITIALIZED_AUTOS = YES_AGGRESSIVE;
				GCC_WARN_UNUSED_FUNCTION = YES;
				GCC_WARN_UNUSED_VARIABLE = YES;
				IPHONEOS_DEPLOYMENT_TARGET = 9.2;
				MTL_ENABLE_DEBUG_INFO = NO;
				SDKROOT = iphoneos;
				TARGETED_DEVICE_FAMILY = "1,2";
				VALIDATE_PRODUCT = YES;
			};
			name = Release;
		};
		9DCEB6C91C42A26E008E4A43 /* Debug */ = {
			isa = XCBuildConfiguration;
			baseConfigurationReference = 18BC21F2903D6AE46E90918C /* Pods-Pokedex.debug.xcconfig */;
			buildSettings = {
				ASSETCATALOG_COMPILER_APPICON_NAME = AppIcon;
				INFOPLIST_FILE = Pokedex/Info.plist;
				LD_RUNPATH_SEARCH_PATHS = "$(inherited) @executable_path/Frameworks";
				PRODUCT_BUNDLE_IDENTIFIER = com.funyyunz.Pokedex;
				PRODUCT_NAME = "$(TARGET_NAME)";
			};
			name = Debug;
		};
		9DCEB6CA1C42A26E008E4A43 /* Release */ = {
			isa = XCBuildConfiguration;
			baseConfigurationReference = 2E3F40059560831F1EF5DEB3 /* Pods-Pokedex.release.xcconfig */;
			buildSettings = {
				ASSETCATALOG_COMPILER_APPICON_NAME = AppIcon;
				INFOPLIST_FILE = Pokedex/Info.plist;
				LD_RUNPATH_SEARCH_PATHS = "$(inherited) @executable_path/Frameworks";
				PRODUCT_BUNDLE_IDENTIFIER = com.funyyunz.Pokedex;
				PRODUCT_NAME = "$(TARGET_NAME)";
			};
			name = Release;
		};
/* End XCBuildConfiguration section */

/* Begin XCConfigurationList section */
		9DCEB6B11C42A26E008E4A43 /* Build configuration list for PBXProject "Pokedex" */ = {
			isa = XCConfigurationList;
			buildConfigurations = (
				9DCEB6C61C42A26E008E4A43 /* Debug */,
				9DCEB6C71C42A26E008E4A43 /* Release */,
			);
			defaultConfigurationIsVisible = 0;
			defaultConfigurationName = Release;
		};
		9DCEB6C81C42A26E008E4A43 /* Build configuration list for PBXNativeTarget "Pokedex" */ = {
			isa = XCConfigurationList;
			buildConfigurations = (
				9DCEB6C91C42A26E008E4A43 /* Debug */,
				9DCEB6CA1C42A26E008E4A43 /* Release */,
			);
			defaultConfigurationIsVisible = 0;
			defaultConfigurationName = Release;
		};
/* End XCConfigurationList section */
	};
	rootObject = 9DCEB6AE1C42A26E008E4A43 /* Project object */;
}
